<?xml version="1.0" encoding="UTF-8" standalone="yes" ?>
<CodeBlocks_project_file>
	<FileVersion major="1" minor="6" />
	<Project>
		<Option title="game test english" />
		<Option pch_mode="2" />
		<Option compiler="gcc" />
		<Build>
			<Target title="Debug">
				<Option output="bin/Debug/game test english" prefix_auto="1" extension_auto="1" />
				<Option object_output="obj/Debug/" />
				<Option type="1" />
				<Option compiler="gcc" />
				<Compiler>
					<Add option="-g" />
				</Compiler>
			</Target>
			<Target title="Release">
				<Option output="bin/Release/game test english" prefix_auto="1" extension_auto="1" />
				<Option object_output="obj/Release/" />
				<Option type="1" />
				<Option compiler="gcc" />
				<Compiler>
					<Add option="-O2" />
				</Compiler>
				<Linker>
					<Add option="-s" />
				</Linker>
			</Target>
		</Build>
		<Compiler>
			<Add option="-Wall" />
			<Add option="-fexceptions" />
		</Compiler>
		<Unit filename="TEST-ENGLISH.cpp" />
		<Unit filename="Word.cpp" />
		<Unit filename="Word.h" />
		<Unit filename="color.h" />
		<Unit filename="display.cpp" />
		<Unit filename="display.h" />
		<Unit filename="handlGame.cpp" />
		<Unit filename="handlGame.h" />
		<Unit filename="play.cpp" />
		<Unit filename="play.h" />
		<Unit filename="point.cpp" />
		<Unit filename="point.h" />
		<Unit filename="readWord.cpp" />
		<Unit filename="readWord.h" />
		<Extensions>
			<code_completion />
			<envvars />
			<debugger />
			<lib_finder disable_auto="1" />
		</Extensions>
	</Project>
</CodeBlocks_project_file>
